
Microsoft Visual Studio Solution File, Format Version 12.00
# Visual Studio Version 16
VisualStudioVersion = 16.0.29613.14
MinimumVisualStudioVersion = 10.0.40219.1
Project("{FAE04EC0-301F-11D3-BF4B-00C04F79EFBC}") = "AuthorizeIntegrationTest", "AuthorizeIntegrationTest\AuthorizeIntegrationTest.csproj", "{2E5298FD-90FD-47B6-B0A6-97D899DD5A41}"
EndProject
Project("{FAE04EC0-301F-11D3-BF4B-00C04F79EFBC}") = "IntegrationTest", "IntegrationTest\IntegrationTest.csproj", "{4AA81C6E-419A-420A-9B64-5317149CAA63}"
EndProject
Global
	GlobalSection(SolutionConfigurationPlatforms) = preSolution
		Debug|Any CPU = Debug|Any CPU
		Release|Any CPU = Release|Any CPU
	EndGlobalSection
	GlobalSection(ProjectConfigurationPlatforms) = postSolution
		{2E5298FD-90FD-47B6-B0A6-97D899DD5A41}.Debug|Any CPU.ActiveCfg = Debug|Any CPU
		{2E5298FD-90FD-47B6-B0A6-97D899DD5A41}.Debug|Any CPU.Build.0 = Debug|Any CPU
		{2E5298FD-90FD-47B6-B0A6-97D899DD5A41}.Release|Any CPU.ActiveCfg = Release|Any CPU
		{2E5298FD-90FD-47B6-B0A6-97D899DD5A41}.Release|Any CPU.Build.0 = Release|Any CPU
		{4AA81C6E-419A-420A-9B64-5317149CAA63}.Debug|Any CPU.ActiveCfg = Debug|Any CPU
		{4AA81C6E-419A-420A-9B64-5317149CAA63}.Debug|Any CPU.Build.0 = Debug|Any CPU
		{4AA81C6E-419A-420A-9B64-5317149CAA63}.Release|Any CPU.ActiveCfg = Release|Any CPU
		{4AA81C6E-419A-420A-9B64-5317149CAA63}.Release|Any CPU.Build.0 = Release|Any CPU
	EndGlobalSection
	GlobalSection(SolutionProperties) = preSolution
		HideSolutionNode = FALSE
	EndGlobalSection
	GlobalSection(ExtensibilityGlobals) = postSolution
		SolutionGuid = {392745EC-9B87-457D-9272-F9A8C771B18E}
	EndGlobalSection
EndGlobal
